lockfileVersion: '9.0'

settings:
  autoInstallPeers: true
  excludeLinksFromLockfile: false

importers:

  .:
    dependencies:
      modern-tar:
        specifier: https://pkg.pr.new/ayuhito/modern-tar@1482c25
        version: https://pkg.pr.new/ayuhito/modern-tar@1482c25
    devDependencies:
      '@types/node':
        specifier: ^22.15.33
        version: 22.15.33
      prettier:
        specifier: ^3.6.0
        version: 3.6.0
      typescript:
        specifier: ^5.8.3
        version: 5.8.3

packages:

  '@types/node@22.15.33':
    resolution: {integrity: sha512-wzoocdnnpSxZ+6CjW4ADCK1jVmd1S/J3ArNWfn8FDDQtRm8dkDg7TA+mvek2wNrfCgwuZxqEOiB9B1XCJ6+dbw==}

  modern-tar@https://pkg.pr.new/ayuhito/modern-tar@1482c25:
    resolution: {tarball: https://pkg.pr.new/ayuhito/modern-tar@1482c25}
    version: 0.3.4
    engines: {node: '>=18.0.0'}

  prettier@3.6.0:
    resolution: {integrity: sha512-ujSB9uXHJKzM/2GBuE0hBOUgC77CN3Bnpqa+g80bkv3T3A93wL/xlzDATHhnhkzifz/UE2SNOvmbTz5hSkDlHw==}
    engines: {node: '>=14'}
    hasBin: true

  typescript@5.8.3:
    resolution: {integrity: sha512-p1diW6TqL9L07nNxvRMM7hMMw4c5XOo/1ibL4aAIGmSAt9slTE1Xgw5KWuof2uTOvCg9BY7ZRi+GaF+7sfgPeQ==}
    engines: {node: '>=14.17'}
    hasBin: true

  undici-types@6.21.0:
    resolution: {integrity: sha512-iwDZqg0QAGrg9Rav5H4n0M64c3mkR59cJ6wQp+7C4nI0gsmExaedaYLNO44eT4AtBBwjbTiGPMlt2Md0T9H9JQ==}

snapshots:

  '@types/node@22.15.33':
    dependencies:
      undici-types: 6.21.0

  modern-tar@https://pkg.pr.new/ayuhito/modern-tar@1482c25: {}

  prettier@3.6.0: {}

  typescript@5.8.3: {}

  undici-types@6.21.0: {}
