lockfileVersion: '9.0'

settings:
  autoInstallPeers: true
  excludeLinksFromLockfile: false

importers:

  .:
    dependencies:
      tar:
        specifier: ^6.2.1
        version: 6.2.1
    devDependencies:
      '@types/node':
        specifier: ^22.15.33
        version: 22.15.33
      '@types/tar':
        specifier: ^6.1.13
        version: 6.1.13
      prettier:
        specifier: ^3.6.0
        version: 3.6.0
      typescript:
        specifier: ^5.8.3
        version: 5.8.3

packages:

  '@types/node@22.15.33':
    resolution: {integrity: sha512-wzoocdnnpSxZ+6CjW4ADCK1jVmd1S/J3ArNWfn8FDDQtRm8dkDg7TA+mvek2wNrfCgwuZxqEOiB9B1XCJ6+dbw==}

  '@types/tar@6.1.13':
    resolution: {integrity: sha512-IznnlmU5f4WcGTh2ltRu/Ijpmk8wiWXfF0VA4s+HPjHZgvFggk1YaIkbo5krX/zUCzWF8N/l4+W/LNxnvAJ8nw==}

  chownr@2.0.0:
    resolution: {integrity: sha512-bIomtDF5KGpdogkLd9VspvFzk9KfpyyGlS8YFVZl7TGPBHL5snIOnxeshwVgPteQ9b4Eydl+pVbIyE1DcvCWgQ==}
    engines: {node: '>=10'}

  fs-minipass@2.1.0:
    resolution: {integrity: sha512-V/JgOLFCS+R6Vcq0slCuaeWEdNC3ouDlJMNIsacH2VtALiu9mV4LPrHc5cDl8k5aw6J8jwgWWpiTo5RYhmIzvg==}
    engines: {node: '>= 8'}

  minipass@3.3.6:
    resolution: {integrity: sha512-DxiNidxSEK+tHG6zOIklvNOwm3hvCrbUrdtzY74U6HKTJxvIDfOUL5W5P2Ghd3DTkhhKPYGqeNUIh5qcM4YBfw==}
    engines: {node: '>=8'}

  minipass@4.2.8:
    resolution: {integrity: sha512-fNzuVyifolSLFL4NzpF+wEF4qrgqaaKX0haXPQEdQ7NKAN+WecoKMHV09YcuL/DHxrUsYQOK3MiuDf7Ip2OXfQ==}
    engines: {node: '>=8'}

  minipass@5.0.0:
    resolution: {integrity: sha512-3FnjYuehv9k6ovOEbyOswadCDPX1piCfhV8ncmYtHOjuPwylVWsghTLo7rabjC3Rx5xD4HDx8Wm1xnMF7S5qFQ==}
    engines: {node: '>=8'}

  minizlib@2.1.2:
    resolution: {integrity: sha512-bAxsR8BVfj60DWXHE3u30oHzfl4G7khkSuPW+qvpd7jFRHm7dLxOjUk1EHACJ/hxLY8phGJ0YhYHZo7jil7Qdg==}
    engines: {node: '>= 8'}

  mkdirp@1.0.4:
    resolution: {integrity: sha512-vVqVZQyf3WLx2Shd0qJ9xuvqgAyKPLAiqITEtqW0oIUjzo3PePDd6fW9iFz30ef7Ysp/oiWqbhszeGWW2T6Gzw==}
    engines: {node: '>=10'}
    hasBin: true

  prettier@3.6.0:
    resolution: {integrity: sha512-ujSB9uXHJKzM/2GBuE0hBOUgC77CN3Bnpqa+g80bkv3T3A93wL/xlzDATHhnhkzifz/UE2SNOvmbTz5hSkDlHw==}
    engines: {node: '>=14'}
    hasBin: true

  tar@6.2.1:
    resolution: {integrity: sha512-DZ4yORTwrbTj/7MZYq2w+/ZFdI6OZ/f9SFHR+71gIVUZhOQPHzVCLpvRnPgyaMpfWxxk/4ONva3GQSyNIKRv6A==}
    engines: {node: '>=10'}

  typescript@5.8.3:
    resolution: {integrity: sha512-p1diW6TqL9L07nNxvRMM7hMMw4c5XOo/1ibL4aAIGmSAt9slTE1Xgw5KWuof2uTOvCg9BY7ZRi+GaF+7sfgPeQ==}
    engines: {node: '>=14.17'}
    hasBin: true

  undici-types@6.21.0:
    resolution: {integrity: sha512-iwDZqg0QAGrg9Rav5H4n0M64c3mkR59cJ6wQp+7C4nI0gsmExaedaYLNO44eT4AtBBwjbTiGPMlt2Md0T9H9JQ==}

  yallist@4.0.0:
    resolution: {integrity: sha512-3wdGidZyq5PB084XLES5TpOSRA3wjXAlIWMhum2kRcv/41Sn2emQ0dycQW4uZXLejwKvg6EsvbdlVL+FYEct7A==}

snapshots:

  '@types/node@22.15.33':
    dependencies:
      undici-types: 6.21.0

  '@types/tar@6.1.13':
    dependencies:
      '@types/node': 22.15.33
      minipass: 4.2.8

  chownr@2.0.0: {}

  fs-minipass@2.1.0:
    dependencies:
      minipass: 3.3.6

  minipass@3.3.6:
    dependencies:
      yallist: 4.0.0

  minipass@4.2.8: {}

  minipass@5.0.0: {}

  minizlib@2.1.2:
    dependencies:
      minipass: 3.3.6
      yallist: 4.0.0

  mkdirp@1.0.4: {}

  prettier@3.6.0: {}

  tar@6.2.1:
    dependencies:
      chownr: 2.0.0
      fs-minipass: 2.1.0
      minipass: 5.0.0
      minizlib: 2.1.2
      mkdirp: 1.0.4
      yallist: 4.0.0

  typescript@5.8.3: {}

  undici-types@6.21.0: {}

  yallist@4.0.0: {}
